
Microsoft Visual Studio Solution File, Format Version 12.00
# Visual Studio Version 16
VisualStudioVersion = 16.0.30611.23
MinimumVisualStudioVersion = 10.0.40219.1
Project("{FAE04EC0-301F-11D3-BF4B-00C04F79EFBC}") = "Employee-Wage", "Employee-Wage\Employee-Wage.csproj", "{63674208-FA37-4259-84AC-38AABE9EBFED}"
EndProject
Global
	GlobalSection(SolutionConfigurationPlatforms) = preSolution
		Debug|Any CPU = Debug|Any CPU
		Release|Any CPU = Release|Any CPU
	EndGlobalSection
	GlobalSection(ProjectConfigurationPlatforms) = postSolution
		{63674208-FA37-4259-84AC-38AABE9EBFED}.Debug|Any CPU.ActiveCfg = Debug|Any CPU
		{63674208-FA37-4259-84AC-38AABE9EBFED}.Debug|Any CPU.Build.0 = Debug|Any CPU
		{63674208-FA37-4259-84AC-38AABE9EBFED}.Release|Any CPU.ActiveCfg = Release|Any CPU
		{63674208-FA37-4259-84AC-38AABE9EBFED}.Release|Any CPU.Build.0 = Release|Any CPU
	EndGlobalSection
	GlobalSection(SolutionProperties) = preSolution
		HideSolutionNode = FALSE
	EndGlobalSection
	GlobalSection(ExtensibilityGlobals) = postSolution
		SolutionGuid = {927C9D1D-8506-45F8-A9F7-E5D5CB05B725}
	EndGlobalSection
EndGlobal
